{
	"name": "@coorpacademy/baucis-links",
	"version": "0.1.1",
	"lockfileVersion": 1,
	"requires": true,
	"dependencies": {
		"deco": {
			"version": "0.12.3",
			"resolved": "https://registry.npmjs.org/deco/-/deco-0.12.3.tgz",
			"integrity": "sha1-LW3+HRgtmpFB9mzZk5Fvw2Nodbs=",
			"requires": {
				"requireindex": "~1.1.0"
			}
		},
		"requireindex": {
			"version": "1.1.0",
			"resolved": "https://registry.npmjs.org/requireindex/-/requireindex-1.1.0.tgz",
			"integrity": "sha1-5UBLgVV+91225JxacgBIk/4D4WI="
		}
	}
}
